
Microsoft Visual Studio Solution File, Format Version 12.00
# Visual Studio Version 17
VisualStudioVersion = 17.7.34009.444
MinimumVisualStudioVersion = 10.0.40219.1
Project("{FAE04EC0-301F-11D3-BF4B-00C04F79EFBC}") = "commonlegacy", "commonlegacy\commonlegacy.csproj", "{3D8FD61A-B7EE-488D-A008-A6F4426EB86E}"
EndProject
Global
	GlobalSection(SolutionConfigurationPlatforms) = preSolution
		Debug|Any CPU = Debug|Any CPU
		Release|Any CPU = Release|Any CPU
	EndGlobalSection
	GlobalSection(ProjectConfigurationPlatforms) = postSolution
		{3D8FD61A-B7EE-488D-A008-A6F4426EB86E}.Debug|Any CPU.ActiveCfg = Debug|Any CPU
		{3D8FD61A-B7EE-488D-A008-A6F4426EB86E}.Debug|Any CPU.Build.0 = Debug|Any CPU
		{3D8FD61A-B7EE-488D-A008-A6F4426EB86E}.Release|Any CPU.ActiveCfg = Release|Any CPU
		{3D8FD61A-B7EE-488D-A008-A6F4426EB86E}.Release|Any CPU.Build.0 = Release|Any CPU
	EndGlobalSection
	GlobalSection(SolutionProperties) = preSolution
		HideSolutionNode = FALSE
	EndGlobalSection
	GlobalSection(ExtensibilityGlobals) = postSolution
		SolutionGuid = {819FAA04-91BB-447F-A444-51FB5ABFB378}
	EndGlobalSection
EndGlobal
